
Microsoft Visual Studio Solution File, Format Version 12.00
# Visual Studio Version 17
VisualStudioVersion = 17.12.35521.163
MinimumVisualStudioVersion = 10.0.40219.1
Project("{FAE04EC0-301F-11D3-BF4B-00C04F79EFBC}") = "b3.DeveloperEvaluation.WebApi", "src\b3.DeveloperEvaluation.WebApi\b3.DeveloperEvaluation.WebApi.csproj", "{1A47F7F0-FCF3-4984-B193-F88E6395535D}"
EndProject
Project("{FAE04EC0-301F-11D3-BF4B-00C04F79EFBC}") = "b3.DeveloperEvaluation.Application", "src\b3.DeveloperEvaluation.Application\b3.DeveloperEvaluation.Application.csproj", "{5725B64E-16EC-4F8A-8AC2-5EA5B43E123A}"
EndProject
Project("{2150E333-8FDC-42A3-9474-1A3956D46DE8}") = "Adapters", "Adapters", "{BBE81B1A-7043-4CEC-9AB8-67974E3928D6}"
EndProject
Project("{2150E333-8FDC-42A3-9474-1A3956D46DE8}") = "Driven", "Driven", "{11EBEF94-2665-4782-91BD-13FB0EF574BE}"
EndProject
Project("{2150E333-8FDC-42A3-9474-1A3956D46DE8}") = "Infrastructure", "Infrastructure", "{8F9A6185-7BC7-44F4-A4B3-BA49519A21BD}"
EndProject
Project("{FAE04EC0-301F-11D3-BF4B-00C04F79EFBC}") = "b3.DeveloperEvaluation.ORM", "src\b3.DeveloperEvaluation.ORM\b3.DeveloperEvaluation.ORM.csproj", "{EE758C3D-46CE-495C-97F9-FFE6ADF48A25}"
EndProject
Project("{2150E333-8FDC-42A3-9474-1A3956D46DE8}") = "Drivers", "Drivers", "{E706B2C7-F643-4AEE-9E4E-648D18D16B39}"
EndProject
Project("{2150E333-8FDC-42A3-9474-1A3956D46DE8}") = "WebApi", "WebApi", "{94767B4F-8EB9-4BE8-8A26-7C3B433063B1}"
EndProject
Project("{2150E333-8FDC-42A3-9474-1A3956D46DE8}") = "Core", "Core", "{ACEA9A71-CD46-493C-AEAA-36CE0BD2287B}"
EndProject
Project("{2150E333-8FDC-42A3-9474-1A3956D46DE8}") = "Application", "Application", "{F3A8E282-049F-4740-90A7-13545F90EF76}"
EndProject
Project("{2150E333-8FDC-42A3-9474-1A3956D46DE8}") = "Domain", "Domain", "{6D1BB948-B922-4729-B394-1E2DC5D1F89A}"
EndProject
Project("{2150E333-8FDC-42A3-9474-1A3956D46DE8}") = "Crosscutting", "Crosscutting", "{A46974A8-FE1F-403C-824F-3BFA5325D3C7}"
EndProject
Project("{FAE04EC0-301F-11D3-BF4B-00C04F79EFBC}") = "b3.DeveloperEvaluation.Domain", "b3.DeveloperEvaluation.Domain\b3.DeveloperEvaluation.Domain.csproj", "{4EC5B851-2102-44E3-8214-A3745459C918}"
EndProject
Global
	GlobalSection(SolutionConfigurationPlatforms) = preSolution
		Debug|Any CPU = Debug|Any CPU
		Release|Any CPU = Release|Any CPU
	EndGlobalSection
	GlobalSection(ProjectConfigurationPlatforms) = postSolution
		{1A47F7F0-FCF3-4984-B193-F88E6395535D}.Debug|Any CPU.ActiveCfg = Debug|Any CPU
		{1A47F7F0-FCF3-4984-B193-F88E6395535D}.Debug|Any CPU.Build.0 = Debug|Any CPU
		{1A47F7F0-FCF3-4984-B193-F88E6395535D}.Release|Any CPU.ActiveCfg = Release|Any CPU
		{1A47F7F0-FCF3-4984-B193-F88E6395535D}.Release|Any CPU.Build.0 = Release|Any CPU
		{5725B64E-16EC-4F8A-8AC2-5EA5B43E123A}.Debug|Any CPU.ActiveCfg = Debug|Any CPU
		{5725B64E-16EC-4F8A-8AC2-5EA5B43E123A}.Debug|Any CPU.Build.0 = Debug|Any CPU
		{5725B64E-16EC-4F8A-8AC2-5EA5B43E123A}.Release|Any CPU.ActiveCfg = Release|Any CPU
		{5725B64E-16EC-4F8A-8AC2-5EA5B43E123A}.Release|Any CPU.Build.0 = Release|Any CPU
		{EE758C3D-46CE-495C-97F9-FFE6ADF48A25}.Debug|Any CPU.ActiveCfg = Debug|Any CPU
		{EE758C3D-46CE-495C-97F9-FFE6ADF48A25}.Debug|Any CPU.Build.0 = Debug|Any CPU
		{EE758C3D-46CE-495C-97F9-FFE6ADF48A25}.Release|Any CPU.ActiveCfg = Release|Any CPU
		{EE758C3D-46CE-495C-97F9-FFE6ADF48A25}.Release|Any CPU.Build.0 = Release|Any CPU
		{4EC5B851-2102-44E3-8214-A3745459C918}.Debug|Any CPU.ActiveCfg = Debug|Any CPU
		{4EC5B851-2102-44E3-8214-A3745459C918}.Debug|Any CPU.Build.0 = Debug|Any CPU
		{4EC5B851-2102-44E3-8214-A3745459C918}.Release|Any CPU.ActiveCfg = Release|Any CPU
		{4EC5B851-2102-44E3-8214-A3745459C918}.Release|Any CPU.Build.0 = Release|Any CPU
	EndGlobalSection
	GlobalSection(SolutionProperties) = preSolution
		HideSolutionNode = FALSE
	EndGlobalSection
	GlobalSection(NestedProjects) = preSolution
		{1A47F7F0-FCF3-4984-B193-F88E6395535D} = {94767B4F-8EB9-4BE8-8A26-7C3B433063B1}
		{5725B64E-16EC-4F8A-8AC2-5EA5B43E123A} = {F3A8E282-049F-4740-90A7-13545F90EF76}
		{11EBEF94-2665-4782-91BD-13FB0EF574BE} = {BBE81B1A-7043-4CEC-9AB8-67974E3928D6}
		{8F9A6185-7BC7-44F4-A4B3-BA49519A21BD} = {11EBEF94-2665-4782-91BD-13FB0EF574BE}
		{EE758C3D-46CE-495C-97F9-FFE6ADF48A25} = {8F9A6185-7BC7-44F4-A4B3-BA49519A21BD}
		{E706B2C7-F643-4AEE-9E4E-648D18D16B39} = {BBE81B1A-7043-4CEC-9AB8-67974E3928D6}
		{94767B4F-8EB9-4BE8-8A26-7C3B433063B1} = {E706B2C7-F643-4AEE-9E4E-648D18D16B39}
		{F3A8E282-049F-4740-90A7-13545F90EF76} = {ACEA9A71-CD46-493C-AEAA-36CE0BD2287B}
		{6D1BB948-B922-4729-B394-1E2DC5D1F89A} = {ACEA9A71-CD46-493C-AEAA-36CE0BD2287B}
		{4EC5B851-2102-44E3-8214-A3745459C918} = {6D1BB948-B922-4729-B394-1E2DC5D1F89A}
	EndGlobalSection
EndGlobal
